PODS:
  - "!ProtoCompiler (3.8.0)":
    - Protobuf (~> 3.0)
  - "!ProtoCompiler-gRPCPlugin (1.24.2)":
    - "!ProtoCompiler (= 3.8.0)"
    - gRPC-ProtoRPC (= 1.24.2)
  - audioplayers (0.0.1):
    - Flutter
  - BoringSSL-GRPC (0.0.4):
    - BoringSSL-GRPC/Implementation (= 0.0.4)
    - BoringSSL-GRPC/Interface (= 0.0.4)
  - BoringSSL-GRPC/Implementation (0.0.4):
    - BoringSSL-GRPC/Interface (= 0.0.4)
  - BoringSSL-GRPC/Interface (0.0.4)
  - device_info (0.0.1):
    - Flutter
  - esys_flutter_share (0.0.1):
    - Flutter
  - facebook_app_events (0.0.1):
    - FBSDKCoreKit (~> 5.0)
    - Flutter
  - FBSDKCoreKit (5.11.1):
    - FBSDKCoreKit/Basics (= 5.11.1)
    - FBSDKCoreKit/Core (= 5.11.1)
  - FBSDKCoreKit/Basics (5.11.1)
  - FBSDKCoreKit/Core (5.11.1):
    - FBSDKCoreKit/Basics
  - file_picker (0.0.1):
    - Flutter
  - Flutter (1.0.0)
  - flutter_animation_set (0.0.1):
    - Flutter
  - flutter_local_notifications (0.0.1):
    - Flutter
  - flutter_tts (0.0.1):
    - Flutter
  - FMDB (2.7.5):
    - FMDB/standard (= 2.7.5)
  - FMDB/standard (2.7.5)
  - googleapis (0.0.1):
    - "!ProtoCompiler-gRPCPlugin (~> 1.0)"
    - googleapis/Messages (= 0.0.1)
    - googleapis/Services (= 0.0.1)
  - googleapis/Messages (0.0.1):
    - "!ProtoCompiler-gRPCPlugin (~> 1.0)"
    - Protobuf
  - googleapis/Services (0.0.1):
    - "!ProtoCompiler-gRPCPlugin (~> 1.0)"
    - googleapis/Messages
    - gRPC-ProtoRPC
  - gRPC-Core (1.24.2):
    - gRPC-Core/Implementation (= 1.24.2)
    - gRPC-Core/Interface (= 1.24.2)
  - gRPC-Core/Implementation (1.24.2):
    - BoringSSL-GRPC (= 0.0.4)
    - gRPC-Core/Interface (= 1.24.2)
  - gRPC-Core/Interface (1.24.2)
  - gRPC-ProtoRPC (1.24.2):
    - gRPC-ProtoRPC/Legacy (= 1.24.2)
    - gRPC-ProtoRPC/Legacy-Header (= 1.24.2)
    - gRPC-ProtoRPC/Main (= 1.24.2)
  - gRPC-ProtoRPC/Legacy (1.24.2):
    - gRPC-ProtoRPC/Legacy-Header (= 1.24.2)
    - gRPC-ProtoRPC/Main (= 1.24.2)
    - gRPC-RxLibrary (= 1.24.2)
    - gRPC/GRPCCore (= 1.24.2)
    - Protobuf (~> 3.0)
  - gRPC-ProtoRPC/Legacy-Header (1.24.2)
  - gRPC-ProtoRPC/Main (1.24.2):
    - gRPC-ProtoRPC/Legacy-Header (= 1.24.2)
    - gRPC/Interface (= 1.24.2)
    - Protobuf (~> 3.0)
  - gRPC-RxLibrary (1.24.2):
    - gRPC-RxLibrary/Implementation (= 1.24.2)
    - gRPC-RxLibrary/Interface (= 1.24.2)
  - gRPC-RxLibrary/Implementation (1.24.2):
    - gRPC-RxLibrary/Interface
  - gRPC-RxLibrary/Interface (1.24.2)
  - gRPC/GRPCCore (1.24.2):
    - gRPC-Core (= 1.24.2)
    - gRPC-RxLibrary (= 1.24.2)
    - gRPC/Interface (= 1.24.2)
    - gRPC/Interface-Legacy (= 1.24.2)
  - gRPC/Interface (1.24.2):
    - gRPC/Interface-Legacy (= 1.24.2)
  - gRPC/Interface-Legacy (1.24.2):
    - gRPC-RxLibrary/Interface (= 1.24.2)
  - Mixpanel-swift (2.6.1):
    - Mixpanel-swift/Complete (= 2.6.1)
  - Mixpanel-swift/Complete (2.6.1)
  - native_mixpanel (0.0.1):
    - Flutter
    - Mixpanel-swift (= 2.6.1)
  - path_provider (0.0.1):
    - Flutter
  - Protobuf (3.10.0)
  - shared_preferences (0.0.1):
    - Flutter
  - sqflite (0.0.1):
    - Flutter
    - FMDB (~> 2.7.2)
  - url_launcher (0.0.1):
    - Flutter
  - webview_flutter (0.0.1):
    - Flutter

DEPENDENCIES:
  - audioplayers (from `.symlinks/plugins/audioplayers/ios`)
  - device_info (from `.symlinks/plugins/device_info/ios`)
  - esys_flutter_share (from `.symlinks/plugins/esys_flutter_share/ios`)
  - facebook_app_events (from `.symlinks/plugins/facebook_app_events/ios`)
  - file_picker (from `.symlinks/plugins/file_picker/ios`)
  - Flutter (from `.symlinks/flutter/ios`)
  - flutter_animation_set (from `.symlinks/plugins/flutter_animation_set/ios`)
  - flutter_local_notifications (from `.symlinks/plugins/flutter_local_notifications/ios`)
  - flutter_tts (from `.symlinks/plugins/flutter_tts/ios`)
  - googleapis (from `.`)
  - native_mixpanel (from `.symlinks/plugins/native_mixpanel/ios`)
  - path_provider (from `.symlinks/plugins/path_provider/ios`)
  - shared_preferences (from `.symlinks/plugins/shared_preferences/ios`)
  - sqflite (from `.symlinks/plugins/sqflite/ios`)
  - url_launcher (from `.symlinks/plugins/url_launcher/ios`)
  - webview_flutter (from `.symlinks/plugins/webview_flutter/ios`)

SPEC REPOS:
  trunk:
    - "!ProtoCompiler"
    - "!ProtoCompiler-gRPCPlugin"
    - BoringSSL-GRPC
    - FBSDKCoreKit
    - FMDB
    - gRPC
    - gRPC-Core
    - gRPC-ProtoRPC
    - gRPC-RxLibrary
    - Mixpanel-swift
    - Protobuf

EXTERNAL SOURCES:
  audioplayers:
    :path: ".symlinks/plugins/audioplayers/ios"
  device_info:
    :path: ".symlinks/plugins/device_info/ios"
  esys_flutter_share:
    :path: ".symlinks/plugins/esys_flutter_share/ios"
  facebook_app_events:
    :path: ".symlinks/plugins/facebook_app_events/ios"
  file_picker:
    :path: ".symlinks/plugins/file_picker/ios"
  Flutter:
    :path: ".symlinks/flutter/ios"
  flutter_animation_set:
    :path: ".symlinks/plugins/flutter_animation_set/ios"
  flutter_local_notifications:
    :path: ".symlinks/plugins/flutter_local_notifications/ios"
  flutter_tts:
    :path: ".symlinks/plugins/flutter_tts/ios"
  googleapis:
    :path: "."
  native_mixpanel:
    :path: ".symlinks/plugins/native_mixpanel/ios"
  path_provider:
    :path: ".symlinks/plugins/path_provider/ios"
  shared_preferences:
    :path: ".symlinks/plugins/shared_preferences/ios"
  sqflite:
    :path: ".symlinks/plugins/sqflite/ios"
  url_launcher:
    :path: ".symlinks/plugins/url_launcher/ios"
  webview_flutter:
    :path: ".symlinks/plugins/webview_flutter/ios"

SPEC CHECKSUMS:
  "!ProtoCompiler": 7fc49078ec544d0347264496f6cd09b8132536b5
  "!ProtoCompiler-gRPCPlugin": 0f3059def9dd4385bda820ff94c0bc70e2abdd83
  audioplayers: 84f968cea3f2deab00ec4f8ff53358b3c0b3992c
  BoringSSL-GRPC: b8d2e9fca6d3870aec81ee7d583869caec2a6076
  device_info: cbf09d2ec12aa7110e0b09fabe54b5bd6c8efe74
  esys_flutter_share: 403498dab005b36ce1f8d7aff377e81f0621b0b4
  facebook_app_events: 0c8e2fde64821b3122f5fff3574d072dee8083d8
  FBSDKCoreKit: 5aada61a229054694810f3cee231f986004b3c49
  file_picker: 408623be2125b79a4539cf703be3d4b3abe5e245
  Flutter: 0e3d915762c693b495b44d77113d4970485de6ec
  flutter_animation_set: 31208a26d053b9101b2cec06b0593957fd372b07
  flutter_local_notifications: 9e4738ce2471c5af910d961a6b7eadcf57c50186
  flutter_tts: 8ef9d28ecff6321d667307300dbf45151273b3fb
  FMDB: 2ce00b547f966261cd18927a3ddb07cb6f3db82a
  googleapis: 4a1ccc37f91588665528a670f62350c00a352c61
  gRPC: ddd0f5e871b1a40604fe15eaafea6de07f8d4c37
  gRPC-Core: 5ca379163f100dfbc55214942ab7d23423513a17
  gRPC-ProtoRPC: ce44dde4815d1cabf5f7ba1be979253e8d355c56
  gRPC-RxLibrary: b5ee50de3fafaecb2176194f73abf927026a402a
  Mixpanel-swift: 13c4556a2792d6d49e71cd9a0565404230e7629f
  native_mixpanel: fffe07e2d556abe93752ba840778581d68225160
  path_provider: fb74bd0465e96b594bb3b5088ee4a4e7bb1f2a9d
  Protobuf: a4dc852ad69c027ca2166ed287b856697814375b
  shared_preferences: 430726339841afefe5142b9c1f50cb6bd7793e01
  sqflite: ff1d9da63c06588cc8d1faf7256d741f16989d5a
  url_launcher: a1c0cc845906122c4784c542523d8cacbded5626
  webview_flutter: db3aba222b23e4dc432e0c5882834123dc50ff9f

PODFILE CHECKSUM: bcf4601c3a396b8eafd10a1753e9874088166ca2

COCOAPODS: 1.8.4
